
Microsoft Visual Studio Solution File, Format Version 12.00
# Visual Studio Version 17
VisualStudioVersion = 17.6.33801.468
MinimumVisualStudioVersion = 10.0.40219.1
Project("{9A19103F-16F7-4668-BE54-9A1E7A4F7556}") = "Gemsnake", "Gemsnake\Gemsnake.csproj", "{77C1C7B0-626A-47EE-B547-7AAC39BDA86E}"
EndProject
Global
	GlobalSection(SolutionConfigurationPlatforms) = preSolution
		Debug|Any CPU = Debug|Any CPU
		Release|Any CPU = Release|Any CPU
	EndGlobalSection
	GlobalSection(ProjectConfigurationPlatforms) = postSolution
		{77C1C7B0-626A-47EE-B547-7AAC39BDA86E}.Debug|Any CPU.ActiveCfg = Debug|Any CPU
		{77C1C7B0-626A-47EE-B547-7AAC39BDA86E}.Debug|Any CPU.Build.0 = Debug|Any CPU
		{77C1C7B0-626A-47EE-B547-7AAC39BDA86E}.Release|Any CPU.ActiveCfg = Release|Any CPU
		{77C1C7B0-626A-47EE-B547-7AAC39BDA86E}.Release|Any CPU.Build.0 = Release|Any CPU
	EndGlobalSection
	GlobalSection(SolutionProperties) = preSolution
		HideSolutionNode = FALSE
	EndGlobalSection
	GlobalSection(ExtensibilityGlobals) = postSolution
		SolutionGuid = {FBF48A26-3AB6-4CCA-B4F5-7665B5DD1DC3}
	EndGlobalSection
EndGlobal
